PODS:
  - RxCocoa (3.6.1):
    - RxSwift (~> 3.6)
  - RxSwift (3.6.1)
  - RxSwift-X (0.1.0):
    - RxSwift-X/RxCocoa (= 0.1.0)
  - RxSwift-X/RxCocoa (0.1.0):
    - RxCocoa

DEPENDENCIES:
  - RxSwift-X (from `../`)

EXTERNAL SOURCES:
  RxSwift-X:
    :path: "../"

SPEC CHECKSUMS:
  RxCocoa: 84a08739ab186248c7f31ce4ee92d6f8a947d690
  RxSwift: f9de85ea20cd2f7716ee5409fc13523dc638e4e4
  RxSwift-X: d00f0e8d631a1cf7d6a3938de13916637d77117e

PODFILE CHECKSUM: 17165dbfff94b15aed30979b01920fa7fe5ded86

COCOAPODS: 1.2.1
